<?xml version="1.0" encoding="utf-8"?>
<Project ToolsVersion="4.0" xmlns="http://schemas.microsoft.com/developer/msbuild/2003">
  <ItemGroup>
    <Filter Include="소스 파일">
      <UniqueIdentifier>{4FC737F1-C7A5-4376-A066-2A32D752A2FF}</UniqueIdentifier>
      <Extensions>cpp;c;cc;cxx;c++;cppm;ixx;def;odl;idl;hpj;bat;asm;asmx</Extensions>
    </Filter>
    <Filter Include="헤더 파일">
      <UniqueIdentifier>{93995380-89BD-4b04-88EB-625FBE52EBFB}</UniqueIdentifier>
      <Extensions>h;hh;hpp;hxx;h++;hm;inl;inc;ipp;xsd</Extensions>
    </Filter>
    <Filter Include="리소스 파일">
      <UniqueIdentifier>{67DA6AB6-F800-4c08-8B7A-83BB121AAD01}</UniqueIdentifier>
      <Extensions>rc;ico;cur;bmp;dlg;rc2;rct;bin;rgs;gif;jpg;jpeg;jpe;resx;tiff;tif;png;wav;mfcribbon-ms</Extensions>
    </Filter>
    <Filter Include="헤더 파일\Process">
      <UniqueIdentifier>{64a1ae37-b6c6-4f7b-9025-8a397654f164}</UniqueIdentifier>
    </Filter>
    <Filter Include="헤더 파일\ChattingRoom">
      <UniqueIdentifier>{ed156788-0836-4543-b97e-f51aab5d4e47}</UniqueIdentifier>
    </Filter>
    <Filter Include="소스 파일\Stream&amp;Packet">
      <UniqueIdentifier>{b5ad96e2-9535-4a94-bb32-65adf2069321}</UniqueIdentifier>
    </Filter>
    <Filter Include="소스 파일\Linking">
      <UniqueIdentifier>{946d5ae3-ee49-4bf4-aac1-d4e90199fbb9}</UniqueIdentifier>
    </Filter>
    <Filter Include="소스 파일\Network">
      <UniqueIdentifier>{80f65bcc-00b2-4afb-9f37-d18b7e6fa864}</UniqueIdentifier>
    </Filter>
  </ItemGroup>
  <ItemGroup>
    <ClInclude Include="MessageMaker.h">
      <Filter>헤더 파일</Filter>
    </ClInclude>
    <ClInclude Include="ClientInfo.h">
      <Filter>헤더 파일</Filter>
    </ClInclude>
    <ClInclude Include="Process.h">
      <Filter>헤더 파일\Process</Filter>
    </ClInclude>
    <ClInclude Include="ChatRoomUtil.h">
      <Filter>헤더 파일\ChattingRoom</Filter>
    </ClInclude>
    <ClInclude Include="ChatRoom.h">
      <Filter>헤더 파일\ChattingRoom</Filter>
    </ClInclude>
    <ClInclude Include="MemoryStream.h">
      <Filter>소스 파일\Stream&amp;Packet</Filter>
    </ClInclude>
    <ClInclude Include="PacketUtil.h">
      <Filter>소스 파일\Stream&amp;Packet</Filter>
    </ClInclude>
    <ClInclude Include="base.h">
      <Filter>소스 파일\Linking</Filter>
    </ClInclude>
    <ClInclude Include="NetworkManager.h">
      <Filter>소스 파일\Network</Filter>
    </ClInclude>
    <ClInclude Include="SocketAddress.h">
      <Filter>소스 파일\Network</Filter>
    </ClInclude>
    <ClInclude Include="SocketUtil.h">
      <Filter>소스 파일\Network</Filter>
    </ClInclude>
    <ClInclude Include="TCPSocket.h">
      <Filter>소스 파일\Network</Filter>
    </ClInclude>
    <ClInclude Include="Server.h">
      <Filter>소스 파일\Network</Filter>
    </ClInclude>
  </ItemGroup>
  <ItemGroup>
    <ClCompile Include="main.cpp">
      <Filter>소스 파일</Filter>
    </ClCompile>
    <ClCompile Include="MessageMaker.cpp">
      <Filter>소스 파일</Filter>
    </ClCompile>
    <ClCompile Include="MemoryStream.cpp">
      <Filter>소스 파일\Stream&amp;Packet</Filter>
    </ClCompile>
    <ClCompile Include="PacketUtil.cpp">
      <Filter>소스 파일\Stream&amp;Packet</Filter>
    </ClCompile>
    <ClCompile Include="base.cpp">
      <Filter>소스 파일\Linking</Filter>
    </ClCompile>
    <ClCompile Include="NetworkManager.cpp">
      <Filter>소스 파일\Network</Filter>
    </ClCompile>
    <ClCompile Include="ClientInfo.cpp">
      <Filter>소스 파일\Network</Filter>
    </ClCompile>
    <ClCompile Include="SocketUtil.cpp">
      <Filter>소스 파일\Network</Filter>
    </ClCompile>
    <ClCompile Include="Server.cpp">
      <Filter>소스 파일\Network</Filter>
    </ClCompile>
    <ClCompile Include="TCPSocket.cpp">
      <Filter>소스 파일\Network</Filter>
    </ClCompile>
  </ItemGroup>
</Project>